
Microsoft Visual Studio Solution File, Format Version 12.00
# Visual Studio Version 16
VisualStudioVersion = 16.0.31424.327
MinimumVisualStudioVersion = 10.0.40219.1
Project("{FAE04EC0-301F-11D3-BF4B-00C04F79EFBC}") = "JSONChallenge", "JSONChallenge\JSONChallenge.csproj", "{63F18C01-9873-44DA-815E-6FBBFEEAB81D}"
EndProject
Global
	GlobalSection(SolutionConfigurationPlatforms) = preSolution
		Debug|Any CPU = Debug|Any CPU
		Release|Any CPU = Release|Any CPU
	EndGlobalSection
	GlobalSection(ProjectConfigurationPlatforms) = postSolution
		{63F18C01-9873-44DA-815E-6FBBFEEAB81D}.Debug|Any CPU.ActiveCfg = Debug|Any CPU
		{63F18C01-9873-44DA-815E-6FBBFEEAB81D}.Debug|Any CPU.Build.0 = Debug|Any CPU
		{63F18C01-9873-44DA-815E-6FBBFEEAB81D}.Release|Any CPU.ActiveCfg = Release|Any CPU
		{63F18C01-9873-44DA-815E-6FBBFEEAB81D}.Release|Any CPU.Build.0 = Release|Any CPU
	EndGlobalSection
	GlobalSection(SolutionProperties) = preSolution
		HideSolutionNode = FALSE
	EndGlobalSection
	GlobalSection(ExtensibilityGlobals) = postSolution
		SolutionGuid = {B6E76761-97B0-4A04-8F2F-1585330640B5}
	EndGlobalSection
EndGlobal
